
Microsoft Visual Studio Solution File, Format Version 12.00
# Visual Studio 14
VisualStudioVersion = 14.0.24720.0
MinimumVisualStudioVersion = 10.0.40219.1
Project("{2150E333-8FDC-42A3-9474-1A3956D46DE8}") = "Business", "Business", "{25D37E67-FA55-4BC7-B730-270F48017207}"
EndProject
Project("{2150E333-8FDC-42A3-9474-1A3956D46DE8}") = "DataAccess", "DataAccess", "{DAD422AA-26FE-42FE-8569-3313A71038AB}"
EndProject
Project("{2150E333-8FDC-42A3-9474-1A3956D46DE8}") = "App", "App", "{7837F0E5-245E-4C6E-ADD6-880EFBAF8813}"
EndProject
Project("{FAE04EC0-301F-11D3-BF4B-00C04F79EFBC}") = "AdventureWorks.Business", "AdventureWorks.Business\AdventureWorks.Business.csproj", "{3EDFB190-C69D-4FCC-A3B7-9E43060F6E47}"
EndProject
Project("{FAE04EC0-301F-11D3-BF4B-00C04F79EFBC}") = "AdventureWorks.Data", "AdventureWorks.Data\AdventureWorks.Data.csproj", "{11DBA8C1-C7DA-49D1-9C5E-E9592112E315}"
EndProject
Project("{FAE04EC0-301F-11D3-BF4B-00C04F79EFBC}") = "AdventureWorks.Application", "AdventureWorks.Application\AdventureWorks.Application.csproj", "{69933026-4EAC-4444-87B2-3778D039A5D0}"
EndProject
Project("{2150E333-8FDC-42A3-9474-1A3956D46DE8}") = "Presentation", "Presentation", "{B02DA529-1588-46EF-8F01-00C69845DC70}"
EndProject
Project("{FAE04EC0-301F-11D3-BF4B-00C04F79EFBC}") = "AdventureWorks.Web", "AdventureWorks.Web\AdventureWorks.Web.csproj", "{22543A25-8306-4105-8801-66E8E906B787}"
EndProject
Project("{FAE04EC0-301F-11D3-BF4B-00C04F79EFBC}") = "TestProject", "TestProject\TestProject.csproj", "{7156877C-E5FB-4970-B6E9-13B1668054FE}"
EndProject
Global
	GlobalSection(SolutionConfigurationPlatforms) = preSolution
		Debug|Any CPU = Debug|Any CPU
		Debug|ARM = Debug|ARM
		Debug|x64 = Debug|x64
		Debug|x86 = Debug|x86
		Release|Any CPU = Release|Any CPU
		Release|ARM = Release|ARM
		Release|x64 = Release|x64
		Release|x86 = Release|x86
	EndGlobalSection
	GlobalSection(ProjectConfigurationPlatforms) = postSolution
		{3EDFB190-C69D-4FCC-A3B7-9E43060F6E47}.Debug|Any CPU.ActiveCfg = Debug|Any CPU
		{3EDFB190-C69D-4FCC-A3B7-9E43060F6E47}.Debug|Any CPU.Build.0 = Debug|Any CPU
		{3EDFB190-C69D-4FCC-A3B7-9E43060F6E47}.Debug|ARM.ActiveCfg = Debug|Any CPU
		{3EDFB190-C69D-4FCC-A3B7-9E43060F6E47}.Debug|ARM.Build.0 = Debug|Any CPU
		{3EDFB190-C69D-4FCC-A3B7-9E43060F6E47}.Debug|x64.ActiveCfg = Debug|Any CPU
		{3EDFB190-C69D-4FCC-A3B7-9E43060F6E47}.Debug|x64.Build.0 = Debug|Any CPU
		{3EDFB190-C69D-4FCC-A3B7-9E43060F6E47}.Debug|x86.ActiveCfg = Debug|Any CPU
		{3EDFB190-C69D-4FCC-A3B7-9E43060F6E47}.Debug|x86.Build.0 = Debug|Any CPU
		{3EDFB190-C69D-4FCC-A3B7-9E43060F6E47}.Release|Any CPU.ActiveCfg = Release|Any CPU
		{3EDFB190-C69D-4FCC-A3B7-9E43060F6E47}.Release|Any CPU.Build.0 = Release|Any CPU
		{3EDFB190-C69D-4FCC-A3B7-9E43060F6E47}.Release|ARM.ActiveCfg = Release|Any CPU
		{3EDFB190-C69D-4FCC-A3B7-9E43060F6E47}.Release|ARM.Build.0 = Release|Any CPU
		{3EDFB190-C69D-4FCC-A3B7-9E43060F6E47}.Release|x64.ActiveCfg = Release|Any CPU
		{3EDFB190-C69D-4FCC-A3B7-9E43060F6E47}.Release|x64.Build.0 = Release|Any CPU
		{3EDFB190-C69D-4FCC-A3B7-9E43060F6E47}.Release|x86.ActiveCfg = Release|Any CPU
		{3EDFB190-C69D-4FCC-A3B7-9E43060F6E47}.Release|x86.Build.0 = Release|Any CPU
		{11DBA8C1-C7DA-49D1-9C5E-E9592112E315}.Debug|Any CPU.ActiveCfg = Debug|Any CPU
		{11DBA8C1-C7DA-49D1-9C5E-E9592112E315}.Debug|Any CPU.Build.0 = Debug|Any CPU
		{11DBA8C1-C7DA-49D1-9C5E-E9592112E315}.Debug|ARM.ActiveCfg = Debug|Any CPU
		{11DBA8C1-C7DA-49D1-9C5E-E9592112E315}.Debug|ARM.Build.0 = Debug|Any CPU
		{11DBA8C1-C7DA-49D1-9C5E-E9592112E315}.Debug|x64.ActiveCfg = Debug|Any CPU
		{11DBA8C1-C7DA-49D1-9C5E-E9592112E315}.Debug|x64.Build.0 = Debug|Any CPU
		{11DBA8C1-C7DA-49D1-9C5E-E9592112E315}.Debug|x86.ActiveCfg = Debug|Any CPU
		{11DBA8C1-C7DA-49D1-9C5E-E9592112E315}.Debug|x86.Build.0 = Debug|Any CPU
		{11DBA8C1-C7DA-49D1-9C5E-E9592112E315}.Release|Any CPU.ActiveCfg = Release|Any CPU
		{11DBA8C1-C7DA-49D1-9C5E-E9592112E315}.Release|Any CPU.Build.0 = Release|Any CPU
		{11DBA8C1-C7DA-49D1-9C5E-E9592112E315}.Release|ARM.ActiveCfg = Release|Any CPU
		{11DBA8C1-C7DA-49D1-9C5E-E9592112E315}.Release|ARM.Build.0 = Release|Any CPU
		{11DBA8C1-C7DA-49D1-9C5E-E9592112E315}.Release|x64.ActiveCfg = Release|Any CPU
		{11DBA8C1-C7DA-49D1-9C5E-E9592112E315}.Release|x64.Build.0 = Release|Any CPU
		{11DBA8C1-C7DA-49D1-9C5E-E9592112E315}.Release|x86.ActiveCfg = Release|Any CPU
		{11DBA8C1-C7DA-49D1-9C5E-E9592112E315}.Release|x86.Build.0 = Release|Any CPU
		{69933026-4EAC-4444-87B2-3778D039A5D0}.Debug|Any CPU.ActiveCfg = Debug|Any CPU
		{69933026-4EAC-4444-87B2-3778D039A5D0}.Debug|Any CPU.Build.0 = Debug|Any CPU
		{69933026-4EAC-4444-87B2-3778D039A5D0}.Debug|ARM.ActiveCfg = Debug|Any CPU
		{69933026-4EAC-4444-87B2-3778D039A5D0}.Debug|ARM.Build.0 = Debug|Any CPU
		{69933026-4EAC-4444-87B2-3778D039A5D0}.Debug|x64.ActiveCfg = Debug|Any CPU
		{69933026-4EAC-4444-87B2-3778D039A5D0}.Debug|x64.Build.0 = Debug|Any CPU
		{69933026-4EAC-4444-87B2-3778D039A5D0}.Debug|x86.ActiveCfg = Debug|Any CPU
		{69933026-4EAC-4444-87B2-3778D039A5D0}.Debug|x86.Build.0 = Debug|Any CPU
		{69933026-4EAC-4444-87B2-3778D039A5D0}.Release|Any CPU.ActiveCfg = Release|Any CPU
		{69933026-4EAC-4444-87B2-3778D039A5D0}.Release|Any CPU.Build.0 = Release|Any CPU
		{69933026-4EAC-4444-87B2-3778D039A5D0}.Release|ARM.ActiveCfg = Release|Any CPU
		{69933026-4EAC-4444-87B2-3778D039A5D0}.Release|ARM.Build.0 = Release|Any CPU
		{69933026-4EAC-4444-87B2-3778D039A5D0}.Release|x64.ActiveCfg = Release|Any CPU
		{69933026-4EAC-4444-87B2-3778D039A5D0}.Release|x64.Build.0 = Release|Any CPU
		{69933026-4EAC-4444-87B2-3778D039A5D0}.Release|x86.ActiveCfg = Release|Any CPU
		{69933026-4EAC-4444-87B2-3778D039A5D0}.Release|x86.Build.0 = Release|Any CPU
		{22543A25-8306-4105-8801-66E8E906B787}.Debug|Any CPU.ActiveCfg = Debug|Any CPU
		{22543A25-8306-4105-8801-66E8E906B787}.Debug|Any CPU.Build.0 = Debug|Any CPU
		{22543A25-8306-4105-8801-66E8E906B787}.Debug|ARM.ActiveCfg = Debug|Any CPU
		{22543A25-8306-4105-8801-66E8E906B787}.Debug|ARM.Build.0 = Debug|Any CPU
		{22543A25-8306-4105-8801-66E8E906B787}.Debug|x64.ActiveCfg = Debug|Any CPU
		{22543A25-8306-4105-8801-66E8E906B787}.Debug|x64.Build.0 = Debug|Any CPU
		{22543A25-8306-4105-8801-66E8E906B787}.Debug|x86.ActiveCfg = Debug|Any CPU
		{22543A25-8306-4105-8801-66E8E906B787}.Debug|x86.Build.0 = Debug|Any CPU
		{22543A25-8306-4105-8801-66E8E906B787}.Release|Any CPU.ActiveCfg = Release|Any CPU
		{22543A25-8306-4105-8801-66E8E906B787}.Release|Any CPU.Build.0 = Release|Any CPU
		{22543A25-8306-4105-8801-66E8E906B787}.Release|ARM.ActiveCfg = Release|Any CPU
		{22543A25-8306-4105-8801-66E8E906B787}.Release|ARM.Build.0 = Release|Any CPU
		{22543A25-8306-4105-8801-66E8E906B787}.Release|x64.ActiveCfg = Release|Any CPU
		{22543A25-8306-4105-8801-66E8E906B787}.Release|x64.Build.0 = Release|Any CPU
		{22543A25-8306-4105-8801-66E8E906B787}.Release|x86.ActiveCfg = Release|Any CPU
		{22543A25-8306-4105-8801-66E8E906B787}.Release|x86.Build.0 = Release|Any CPU
		{7156877C-E5FB-4970-B6E9-13B1668054FE}.Debug|Any CPU.ActiveCfg = Debug|x86
		{7156877C-E5FB-4970-B6E9-13B1668054FE}.Debug|ARM.ActiveCfg = Debug|ARM
		{7156877C-E5FB-4970-B6E9-13B1668054FE}.Debug|ARM.Build.0 = Debug|ARM
		{7156877C-E5FB-4970-B6E9-13B1668054FE}.Debug|ARM.Deploy.0 = Debug|ARM
		{7156877C-E5FB-4970-B6E9-13B1668054FE}.Debug|x64.ActiveCfg = Debug|x64
		{7156877C-E5FB-4970-B6E9-13B1668054FE}.Debug|x64.Build.0 = Debug|x64
		{7156877C-E5FB-4970-B6E9-13B1668054FE}.Debug|x64.Deploy.0 = Debug|x64
		{7156877C-E5FB-4970-B6E9-13B1668054FE}.Debug|x86.ActiveCfg = Debug|x86
		{7156877C-E5FB-4970-B6E9-13B1668054FE}.Debug|x86.Build.0 = Debug|x86
		{7156877C-E5FB-4970-B6E9-13B1668054FE}.Debug|x86.Deploy.0 = Debug|x86
		{7156877C-E5FB-4970-B6E9-13B1668054FE}.Release|Any CPU.ActiveCfg = Release|x86
		{7156877C-E5FB-4970-B6E9-13B1668054FE}.Release|ARM.ActiveCfg = Release|ARM
		{7156877C-E5FB-4970-B6E9-13B1668054FE}.Release|ARM.Build.0 = Release|ARM
		{7156877C-E5FB-4970-B6E9-13B1668054FE}.Release|ARM.Deploy.0 = Release|ARM
		{7156877C-E5FB-4970-B6E9-13B1668054FE}.Release|x64.ActiveCfg = Release|x64
		{7156877C-E5FB-4970-B6E9-13B1668054FE}.Release|x64.Build.0 = Release|x64
		{7156877C-E5FB-4970-B6E9-13B1668054FE}.Release|x64.Deploy.0 = Release|x64
		{7156877C-E5FB-4970-B6E9-13B1668054FE}.Release|x86.ActiveCfg = Release|x86
		{7156877C-E5FB-4970-B6E9-13B1668054FE}.Release|x86.Build.0 = Release|x86
		{7156877C-E5FB-4970-B6E9-13B1668054FE}.Release|x86.Deploy.0 = Release|x86
	EndGlobalSection
	GlobalSection(SolutionProperties) = preSolution
		HideSolutionNode = FALSE
	EndGlobalSection
	GlobalSection(NestedProjects) = preSolution
		{3EDFB190-C69D-4FCC-A3B7-9E43060F6E47} = {25D37E67-FA55-4BC7-B730-270F48017207}
		{11DBA8C1-C7DA-49D1-9C5E-E9592112E315} = {DAD422AA-26FE-42FE-8569-3313A71038AB}
		{69933026-4EAC-4444-87B2-3778D039A5D0} = {7837F0E5-245E-4C6E-ADD6-880EFBAF8813}
		{22543A25-8306-4105-8801-66E8E906B787} = {B02DA529-1588-46EF-8F01-00C69845DC70}
		{7156877C-E5FB-4970-B6E9-13B1668054FE} = {7837F0E5-245E-4C6E-ADD6-880EFBAF8813}
	EndGlobalSection
EndGlobal
